PODS:
  - Chain (3.0pre2):
    - CoreBitcoin (~> 0.6.0)
    - ISO8601DateFormatter (= 0.7)
  - CoreBitcoin (0.6.0):
    - OpenSSL-Universal (= 1.0.1.h)
  - ISO8601DateFormatter (0.7)
  - OpenSSL-Universal (1.0.1.h)

DEPENDENCIES:
  - Chain (= 3.0pre2)

SPEC CHECKSUMS:
  Chain: 54b88c7b211170b1774a6a039067999fdb1a5242
  CoreBitcoin: 34bd7ca7d11da3586133f84337a38217ec95698b
  ISO8601DateFormatter: 59731cd880cf87e71b4fa95f0d6b713dcbc4cbce
  OpenSSL-Universal: 9c112508615ed33bb35f730eed820e93175a9dec

COCOAPODS: 0.35.0
